
Microsoft Visual Studio Solution File, Format Version 12.00
# Visual Studio Version 16
VisualStudioVersion = 16.0.31727.386
MinimumVisualStudioVersion = 10.0.40219.1
Project("{FAE04EC0-301F-11D3-BF4B-00C04F79EFBC}") = "AulaUm", "AulaUm\AulaUm.csproj", "{C732A2AD-47C1-4773-8054-3F6D06905E10}"
EndProject
Global
	GlobalSection(SolutionConfigurationPlatforms) = preSolution
		Debug|Any CPU = Debug|Any CPU
		Release|Any CPU = Release|Any CPU
	EndGlobalSection
	GlobalSection(ProjectConfigurationPlatforms) = postSolution
		{C732A2AD-47C1-4773-8054-3F6D06905E10}.Debug|Any CPU.ActiveCfg = Debug|Any CPU
		{C732A2AD-47C1-4773-8054-3F6D06905E10}.Debug|Any CPU.Build.0 = Debug|Any CPU
		{C732A2AD-47C1-4773-8054-3F6D06905E10}.Release|Any CPU.ActiveCfg = Release|Any CPU
		{C732A2AD-47C1-4773-8054-3F6D06905E10}.Release|Any CPU.Build.0 = Release|Any CPU
	EndGlobalSection
	GlobalSection(SolutionProperties) = preSolution
		HideSolutionNode = FALSE
	EndGlobalSection
	GlobalSection(ExtensibilityGlobals) = postSolution
		SolutionGuid = {8C7FB0EA-93FE-4AD9-BC66-CE5ED264AD4C}
	EndGlobalSection
EndGlobal
